
Microsoft Visual Studio Solution File, Format Version 12.00
# Visual Studio Version 16
VisualStudioVersion = 16.0.30114.105
MinimumVisualStudioVersion = 10.0.40219.1
Project("{FAE04EC0-301F-11D3-BF4B-00C04F79EFBC}") = "ItemDrops4Everyone", "ItemDrops4Everyone\ItemDrops4Everyone.csproj", "{68469844-0B92-4D4D-ABE3-3F9F15BB8ED8}"
EndProject
Global
	GlobalSection(SolutionConfigurationPlatforms) = preSolution
		Debug|Any CPU = Debug|Any CPU
		Release|Any CPU = Release|Any CPU
	EndGlobalSection
	GlobalSection(ProjectConfigurationPlatforms) = postSolution
		{68469844-0B92-4D4D-ABE3-3F9F15BB8ED8}.Debug|Any CPU.ActiveCfg = Debug|Any CPU
		{68469844-0B92-4D4D-ABE3-3F9F15BB8ED8}.Debug|Any CPU.Build.0 = Debug|Any CPU
		{68469844-0B92-4D4D-ABE3-3F9F15BB8ED8}.Release|Any CPU.ActiveCfg = Release|Any CPU
		{68469844-0B92-4D4D-ABE3-3F9F15BB8ED8}.Release|Any CPU.Build.0 = Release|Any CPU
	EndGlobalSection
	GlobalSection(SolutionProperties) = preSolution
		HideSolutionNode = FALSE
	EndGlobalSection
	GlobalSection(ExtensibilityGlobals) = postSolution
		SolutionGuid = {C82342A1-9CD7-474F-969F-35C522022A1A}
	EndGlobalSection
EndGlobal
